
Microsoft Visual Studio Solution File, Format Version 12.00
# Visual Studio 15
VisualStudioVersion = 15.0.28307.705
MinimumVisualStudioVersion = 10.0.40219.1
Project("{888888A0-9F3D-457C-B088-3A5042F75D52}") = "EDX_ML", "EDX_ML\EDX_ML.pyproj", "{2068E7D4-7965-4B39-B3C7-2380FD7EC8A1}"
EndProject
Global
	GlobalSection(SolutionConfigurationPlatforms) = preSolution
		Debug|Any CPU = Debug|Any CPU
		Release|Any CPU = Release|Any CPU
	EndGlobalSection
	GlobalSection(ProjectConfigurationPlatforms) = postSolution
		{2068E7D4-7965-4B39-B3C7-2380FD7EC8A1}.Debug|Any CPU.ActiveCfg = Debug|Any CPU
		{2068E7D4-7965-4B39-B3C7-2380FD7EC8A1}.Release|Any CPU.ActiveCfg = Release|Any CPU
	EndGlobalSection
	GlobalSection(SolutionProperties) = preSolution
		HideSolutionNode = FALSE
	EndGlobalSection
	GlobalSection(ExtensibilityGlobals) = postSolution
		SolutionGuid = {B5FE5627-09C5-41A1-B038-E78D1C191823}
	EndGlobalSection
EndGlobal
